
Microsoft Visual Studio Solution File, Format Version 12.00
# Visual Studio Version 17
VisualStudioVersion = 17.5.33516.290
MinimumVisualStudioVersion = 10.0.40219.1
Project("{8BC9CEB8-8B4A-11D0-8D11-00A0C91BC942}") = "QT_Part2", "QT_Part2.vcxproj", "{AAA0B0C6-5CEA-4796-A98B-B4208FACFE97}"
EndProject
Global
	GlobalSection(SolutionConfigurationPlatforms) = preSolution
		Debug|x64 = Debug|x64
		Release|x64 = Release|x64
	EndGlobalSection
	GlobalSection(ProjectConfigurationPlatforms) = postSolution
		{AAA0B0C6-5CEA-4796-A98B-B4208FACFE97}.Debug|x64.ActiveCfg = Debug|x64
		{AAA0B0C6-5CEA-4796-A98B-B4208FACFE97}.Debug|x64.Build.0 = Debug|x64
		{AAA0B0C6-5CEA-4796-A98B-B4208FACFE97}.Release|x64.ActiveCfg = Release|x64
		{AAA0B0C6-5CEA-4796-A98B-B4208FACFE97}.Release|x64.Build.0 = Release|x64
	EndGlobalSection
	GlobalSection(SolutionProperties) = preSolution
		HideSolutionNode = FALSE
	EndGlobalSection
	GlobalSection(ExtensibilityGlobals) = postSolution
		SolutionGuid = {FF25A0D2-8DED-4049-8997-88FE8102F42D}
	EndGlobalSection
EndGlobal
